
Microsoft Visual Studio Solution File, Format Version 12.00
# Visual Studio Version 16
VisualStudioVersion = 25.0.1703.5
MinimumVisualStudioVersion = 10.0.40219.1
Project("{FAE04EC0-301F-11D3-BF4B-00C04F79EFBC}") = "HRWebAppAzure", "HRWebAppAzure\HRWebAppAzure.csproj", "{723CD0CC-A037-4959-83DA-C63F8C0811A5}"
EndProject
Project("{E53339B2-1760-4266-BCC7-CA923CBCF16C}") = "docker-compose", "docker-compose.dcproj", "{D112E08D-5A99-4DBE-8A01-28544F928248}"
EndProject
Global
	GlobalSection(SolutionConfigurationPlatforms) = preSolution
		Debug|Any CPU = Debug|Any CPU
		Release|Any CPU = Release|Any CPU
	EndGlobalSection
	GlobalSection(ProjectConfigurationPlatforms) = postSolution
		{723CD0CC-A037-4959-83DA-C63F8C0811A5}.Debug|Any CPU.ActiveCfg = Debug|Any CPU
		{723CD0CC-A037-4959-83DA-C63F8C0811A5}.Debug|Any CPU.Build.0 = Debug|Any CPU
		{723CD0CC-A037-4959-83DA-C63F8C0811A5}.Release|Any CPU.ActiveCfg = Release|Any CPU
		{723CD0CC-A037-4959-83DA-C63F8C0811A5}.Release|Any CPU.Build.0 = Release|Any CPU
		{D112E08D-5A99-4DBE-8A01-28544F928248}.Debug|Any CPU.ActiveCfg = Debug|Any CPU
		{D112E08D-5A99-4DBE-8A01-28544F928248}.Debug|Any CPU.Build.0 = Debug|Any CPU
		{D112E08D-5A99-4DBE-8A01-28544F928248}.Release|Any CPU.ActiveCfg = Release|Any CPU
		{D112E08D-5A99-4DBE-8A01-28544F928248}.Release|Any CPU.Build.0 = Release|Any CPU
	EndGlobalSection
	GlobalSection(SolutionProperties) = preSolution
		HideSolutionNode = FALSE
	EndGlobalSection
	GlobalSection(ExtensibilityGlobals) = postSolution
		SolutionGuid = {1BCD7F9C-3880-47D2-97A1-7A996FD0BEE7}
	EndGlobalSection
EndGlobal
